github.com/davecgh/go-spew v1.1.1 h1:vj9j/u1bqnvCEfJOwUhtlOARqs3+rkHYY13jYWTU97c=
github.com/davecgh/go-spew v1.1.1/go.mod h1:J7Y8YcW2NihsgmVo/mv3lAwl/skON4iLHjSsI+c5H38=
github.com/golemcloud/golem-go v0.7.0 h1:8zpNeAtEDJsJllqHUmjji/lyplSJ0kI3v7vN97/N8zs=
github.com/golemcloud/golem-go v0.7.0/go.mod h1:VLL22qVo5R2+jGLO43tLPpPjf2WrA6B7GQoqXKnSODo=
